// !$*UTF8*$!
{
	archiveVersion = 1;
	classes = {
	};
	objectVersion = 77;
	objects = {

/* Begin PBXBuildFile section */
		0166C21FEEC75519D85F987A /* Relic.swift in Sources */ = {isa = PBXBuildFile; fileRef = A0AED5835A679923AFF74875 /* Relic.swift */; };
		08F8472392BA85E573388957 /* Boss 2.mp3 in Resources */ = {isa = PBXBuildFile; fileRef = 93992772935708699DDFD77F /* Boss 2.mp3 */; };
		0C2359804D7F92F300316095 /* Exploracion 4.mp3 in Resources */ = {isa = PBXBuildFile; fileRef = 15493B2B1162A863E814A384 /* Exploracion 4.mp3 */; };
		1A565510AF1DF32916CCD121 /* ContentView.swift in Sources */ = {isa = PBXBuildFile; fileRef = 8F20CC6FB36347459C2A1C8C /* ContentView.swift */; };
		1F0FD79DEE5D604CB486290A /* Assets.xcassets in Resources */ = {isa = PBXBuildFile; fileRef = 4DE7B4998687DCF867F1DFE8 /* Assets.xcassets */; };
		2341A4CFF79E9094821ACC15 /* MusicManager.swift in Sources */ = {isa = PBXBuildFile; fileRef = 7A0FA39ACE81DDCF10B1FF0B /* MusicManager.swift */; };
		23B10B4D760EC7670B83165B /* CardSurvivorApp.swift in Sources */ = {isa = PBXBuildFile; fileRef = 4BF6A7F1C699F83A70C19EE0 /* CardSurvivorApp.swift */; };
		2ECC38382E978C7CD1E0B4B5 /* menu.mp3 in Resources */ = {isa = PBXBuildFile; fileRef = F4FA9C9B5A92DBB37FD1F92C /* menu.mp3 */; };
		6637BA8745C61CA6EF3378B6 /* Card.swift in Sources */ = {isa = PBXBuildFile; fileRef = 93371093522950ED10365395 /* Card.swift */; };
		88245B38754F4F1179EF164E /* Boss 4.mp3 in Resources */ = {isa = PBXBuildFile; fileRef = E0533B42EFB1E46485867EA3 /* Boss 4.mp3 */; };
		9D2A849EE543549C98D25886 /* Player.swift in Sources */ = {isa = PBXBuildFile; fileRef = 16EB1185EE9D55EAD3C6D122 /* Player.swift */; };
		9E62E962C68C4CAC8D6D53D3 /* exploracion 3.mp3 in Resources */ = {isa = PBXBuildFile; fileRef = A7956E92CFF63225DCE26506 /* exploracion 3.mp3 */; };
		9F15F27B1C4D6645A738760C /* Boss 1.mp3 in Resources */ = {isa = PBXBuildFile; fileRef = B58C588532B84BD794DAAB2A /* Boss 1.mp3 */; };
		AE3A4083690F8720D43FCE96 /* Enemy.swift in Sources */ = {isa = PBXBuildFile; fileRef = 37EF4A2B87EFAACF7677C23B /* Enemy.swift */; };
		AF4EA067AFA0A677C2F4458A /* exploracion 1.mp3 in Resources */ = {isa = PBXBuildFile; fileRef = 27B28F2EF8458164C54234C6 /* exploracion 1.mp3 */; };
		B52125708366DFD8CC6F093D /* Boss 5.mp3 in Resources */ = {isa = PBXBuildFile; fileRef = BD231CF0F47AB3CF9D2CF964 /* Boss 5.mp3 */; };
		C612C8FA7FDCF73F16D1C23D /* Exploracion 5.mp3 in Resources */ = {isa = PBXBuildFile; fileRef = 0361D9FA29775C5445FA8E57 /* Exploracion 5.mp3 */; };
		CD3208EE64E33E62571DAACA /* GameModel.swift in Sources */ = {isa = PBXBuildFile; fileRef = C21D6206F6551114EC49A8C3 /* GameModel.swift */; };
		CEBCD4B4236024106C94E183 /* Exploracion 2.mp3 in Resources */ = {isa = PBXBuildFile; fileRef = 2592F3A1FA4C1F2A038910A0 /* Exploracion 2.mp3 */; };
		EADA19B35BF4FE8FE53AAE01 /* Boss 3.mp3 in Resources */ = {isa = PBXBuildFile; fileRef = 3420906ADFDE0FD04D00D329 /* Boss 3.mp3 */; };
/* End PBXBuildFile section */

/* Begin PBXFileReference section */
		0361D9FA29775C5445FA8E57 /* Exploracion 5.mp3 */ = {isa = PBXFileReference; lastKnownFileType = audio.mp3; path = "Exploracion 5.mp3"; sourceTree = "<group>"; };
		15493B2B1162A863E814A384 /* Exploracion 4.mp3 */ = {isa = PBXFileReference; lastKnownFileType = audio.mp3; path = "Exploracion 4.mp3"; sourceTree = "<group>"; };
		16EB1185EE9D55EAD3C6D122 /* Player.swift */ = {isa = PBXFileReference; lastKnownFileType = sourcecode.swift; path = Player.swift; sourceTree = "<group>"; };
		2592F3A1FA4C1F2A038910A0 /* Exploracion 2.mp3 */ = {isa = PBXFileReference; lastKnownFileType = audio.mp3; path = "Exploracion 2.mp3"; sourceTree = "<group>"; };
		27B28F2EF8458164C54234C6 /* exploracion 1.mp3 */ = {isa = PBXFileReference; lastKnownFileType = audio.mp3; path = "exploracion 1.mp3"; sourceTree = "<group>"; };
		3420906ADFDE0FD04D00D329 /* Boss 3.mp3 */ = {isa = PBXFileReference; lastKnownFileType = audio.mp3; path = "Boss 3.mp3"; sourceTree = "<group>"; };
		37EF4A2B87EFAACF7677C23B /* Enemy.swift */ = {isa = PBXFileReference; lastKnownFileType = sourcecode.swift; path = Enemy.swift; sourceTree = "<group>"; };
		4BF6A7F1C699F83A70C19EE0 /* CardSurvivorApp.swift */ = {isa = PBXFileReference; lastKnownFileType = sourcecode.swift; path = CardSurvivorApp.swift; sourceTree = "<group>"; };
		4DE7B4998687DCF867F1DFE8 /* Assets.xcassets */ = {isa = PBXFileReference; lastKnownFileType = folder.assetcatalog; path = Assets.xcassets; sourceTree = "<group>"; };
		7A0FA39ACE81DDCF10B1FF0B /* MusicManager.swift */ = {isa = PBXFileReference; lastKnownFileType = sourcecode.swift; path = MusicManager.swift; sourceTree = "<group>"; };
		8F20CC6FB36347459C2A1C8C /* ContentView.swift */ = {isa = PBXFileReference; lastKnownFileType = sourcecode.swift; path = ContentView.swift; sourceTree = "<group>"; };
		93371093522950ED10365395 /* Card.swift */ = {isa = PBXFileReference; lastKnownFileType = sourcecode.swift; path = Card.swift; sourceTree = "<group>"; };
		93992772935708699DDFD77F /* Boss 2.mp3 */ = {isa = PBXFileReference; lastKnownFileType = audio.mp3; path = "Boss 2.mp3"; sourceTree = "<group>"; };
		A0AED5835A679923AFF74875 /* Relic.swift */ = {isa = PBXFileReference; lastKnownFileType = sourcecode.swift; path = Relic.swift; sourceTree = "<group>"; };
		A5244F56F7A433A0B0F5CC50 /* CardSurvivor.app */ = {isa = PBXFileReference; includeInIndex = 0; lastKnownFileType = wrapper.application; path = CardSurvivor.app; sourceTree = BUILT_PRODUCTS_DIR; };
		A7956E92CFF63225DCE26506 /* exploracion 3.mp3 */ = {isa = PBXFileReference; lastKnownFileType = audio.mp3; path = "exploracion 3.mp3"; sourceTree = "<group>"; };
		B58C588532B84BD794DAAB2A /* Boss 1.mp3 */ = {isa = PBXFileReference; lastKnownFileType = audio.mp3; path = "Boss 1.mp3"; sourceTree = "<group>"; };
		BD231CF0F47AB3CF9D2CF964 /* Boss 5.mp3 */ = {isa = PBXFileReference; lastKnownFileType = audio.mp3; path = "Boss 5.mp3"; sourceTree = "<group>"; };
		C21D6206F6551114EC49A8C3 /* GameModel.swift */ = {isa = PBXFileReference; lastKnownFileType = sourcecode.swift; path = GameModel.swift; sourceTree = "<group>"; };
		E0533B42EFB1E46485867EA3 /* Boss 4.mp3 */ = {isa = PBXFileReference; lastKnownFileType = audio.mp3; path = "Boss 4.mp3"; sourceTree = "<group>"; };
		F4FA9C9B5A92DBB37FD1F92C /* menu.mp3 */ = {isa = PBXFileReference; lastKnownFileType = audio.mp3; path = menu.mp3; sourceTree = "<group>"; };
/* End PBXFileReference section */

/* Begin PBXGroup section */
		07CD6A270183DC62136B0440 /* Managers */ = {
			isa = PBXGroup;
			children = (
				7A0FA39ACE81DDCF10B1FF0B /* MusicManager.swift */,
			);
			path = Managers;
			sourceTree = "<group>";
		};
		35F74B03075B2EDAA7FA4A1A = {
			isa = PBXGroup;
			children = (
				4DE7B4998687DCF867F1DFE8 /* Assets.xcassets */,
				6D1878EA0972FD44747AB0CB /* App */,
				07CD6A270183DC62136B0440 /* Managers */,
				92E5D2ED49DF1DD67A30F695 /* Models */,
				FD8D9A596672759D95DF23A3 /* Music */,
				379E1519EE08A1B45EEF6602 /* Views */,
				390B66348F41F86545821493 /* Products */,
			);
			sourceTree = "<group>";
		};
		379E1519EE08A1B45EEF6602 /* Views */ = {
			isa = PBXGroup;
			children = (
				8F20CC6FB36347459C2A1C8C /* ContentView.swift */,
			);
			path = Views;
			sourceTree = "<group>";
		};
		390B66348F41F86545821493 /* Products */ = {
			isa = PBXGroup;
			children = (
				A5244F56F7A433A0B0F5CC50 /* CardSurvivor.app */,
			);
			name = Products;
			sourceTree = "<group>";
		};
		6D1878EA0972FD44747AB0CB /* App */ = {
			isa = PBXGroup;
			children = (
				4BF6A7F1C699F83A70C19EE0 /* CardSurvivorApp.swift */,
			);
			path = App;
			sourceTree = "<group>";
		};
		92E5D2ED49DF1DD67A30F695 /* Models */ = {
			isa = PBXGroup;
			children = (
				93371093522950ED10365395 /* Card.swift */,
				37EF4A2B87EFAACF7677C23B /* Enemy.swift */,
				C21D6206F6551114EC49A8C3 /* GameModel.swift */,
				16EB1185EE9D55EAD3C6D122 /* Player.swift */,
				A0AED5835A679923AFF74875 /* Relic.swift */,
			);
			path = Models;
			sourceTree = "<group>";
		};
		FD8D9A596672759D95DF23A3 /* Music */ = {
			isa = PBXGroup;
			children = (
				B58C588532B84BD794DAAB2A /* Boss 1.mp3 */,
				93992772935708699DDFD77F /* Boss 2.mp3 */,
				3420906ADFDE0FD04D00D329 /* Boss 3.mp3 */,
				E0533B42EFB1E46485867EA3 /* Boss 4.mp3 */,
				BD231CF0F47AB3CF9D2CF964 /* Boss 5.mp3 */,
				27B28F2EF8458164C54234C6 /* exploracion 1.mp3 */,
				2592F3A1FA4C1F2A038910A0 /* Exploracion 2.mp3 */,
				A7956E92CFF63225DCE26506 /* exploracion 3.mp3 */,
				15493B2B1162A863E814A384 /* Exploracion 4.mp3 */,
				0361D9FA29775C5445FA8E57 /* Exploracion 5.mp3 */,
				F4FA9C9B5A92DBB37FD1F92C /* menu.mp3 */,
			);
			name = Music;
			path = ../Music;
			sourceTree = "<group>";
		};
/* End PBXGroup section */

/* Begin PBXNativeTarget section */
		E3CF709516D52DAFE53691A6 /* CardSurvivor */ = {
			isa = PBXNativeTarget;
			buildConfigurationList = A25F6EA694827CCE5F64348F /* Build configuration list for PBXNativeTarget "CardSurvivor" */;
			buildPhases = (
				6084C694E516EDEDCAFB1EB3 /* Sources */,
				A49C29FB21DBD2401C0CA87D /* Resources */,
			);
			buildRules = (
			);
			dependencies = (
			);
			name = CardSurvivor;
			packageProductDependencies = (
			);
			productName = CardSurvivor;
			productReference = A5244F56F7A433A0B0F5CC50 /* CardSurvivor.app */;
			productType = "com.apple.product-type.application";
		};
/* End PBXNativeTarget section */

/* Begin PBXProject section */
		18B31B92B099901279596A1F /* Project object */ = {
			isa = PBXProject;
			attributes = {
				BuildIndependentTargetsInParallel = YES;
				LastUpgradeCheck = 1500;
				TargetAttributes = {
					E3CF709516D52DAFE53691A6 = {
						DevelopmentTeam = "";
						ProvisioningStyle = Automatic;
					};
				};
			};
			buildConfigurationList = BACCC0358CD013E788301007 /* Build configuration list for PBXProject "CardSurvivor" */;
			compatibilityVersion = "Xcode 14.0";
			developmentRegion = en;
			hasScannedForEncodings = 0;
			knownRegions = (
				Base,
				en,
			);
			mainGroup = 35F74B03075B2EDAA7FA4A1A;
			minimizedProjectReferenceProxies = 1;
			preferredProjectObjectVersion = 77;
			projectDirPath = "";
			projectRoot = "";
			targets = (
				E3CF709516D52DAFE53691A6 /* CardSurvivor */,
			);
		};
/* End PBXProject section */

/* Begin PBXResourcesBuildPhase section */
		A49C29FB21DBD2401C0CA87D /* Resources */ = {
			isa = PBXResourcesBuildPhase;
			buildActionMask = 2147483647;
			files = (
				1F0FD79DEE5D604CB486290A /* Assets.xcassets in Resources */,
				9F15F27B1C4D6645A738760C /* Boss 1.mp3 in Resources */,
				08F8472392BA85E573388957 /* Boss 2.mp3 in Resources */,
				EADA19B35BF4FE8FE53AAE01 /* Boss 3.mp3 in Resources */,
				88245B38754F4F1179EF164E /* Boss 4.mp3 in Resources */,
				B52125708366DFD8CC6F093D /* Boss 5.mp3 in Resources */,
				CEBCD4B4236024106C94E183 /* Exploracion 2.mp3 in Resources */,
				0C2359804D7F92F300316095 /* Exploracion 4.mp3 in Resources */,
				C612C8FA7FDCF73F16D1C23D /* Exploracion 5.mp3 in Resources */,
				AF4EA067AFA0A677C2F4458A /* exploracion 1.mp3 in Resources */,
				9E62E962C68C4CAC8D6D53D3 /* exploracion 3.mp3 in Resources */,
				2ECC38382E978C7CD1E0B4B5 /* menu.mp3 in Resources */,
			);
			runOnlyForDeploymentPostprocessing = 0;
		};
/* End PBXResourcesBuildPhase section */

/* Begin PBXSourcesBuildPhase section */
		6084C694E516EDEDCAFB1EB3 /* Sources */ = {
			isa = PBXSourcesBuildPhase;
			buildActionMask = 2147483647;
			files = (
				6637BA8745C61CA6EF3378B6 /* Card.swift in Sources */,
				23B10B4D760EC7670B83165B /* CardSurvivorApp.swift in Sources */,
				1A565510AF1DF32916CCD121 /* ContentView.swift in Sources */,
				AE3A4083690F8720D43FCE96 /* Enemy.swift in Sources */,
				CD3208EE64E33E62571DAACA /* GameModel.swift in Sources */,
				2341A4CFF79E9094821ACC15 /* MusicManager.swift in Sources */,
				9D2A849EE543549C98D25886 /* Player.swift in Sources */,
				0166C21FEEC75519D85F987A /* Relic.swift in Sources */,
			);
			runOnlyForDeploymentPostprocessing = 0;
		};
/* End PBXSourcesBuildPhase section */

/* Begin XCBuildConfiguration section */
		56FEAD4988C536BC1FC9D7A1 /* Debug */ = {
			isa = XCBuildConfiguration;
			buildSettings = {
				ALWAYS_SEARCH_USER_PATHS = NO;
				CLANG_ANALYZER_NONNULL = YES;
				CLANG_ANALYZER_NUMBER_OBJECT_CONVERSION = YES_AGGRESSIVE;
				CLANG_CXX_LANGUAGE_STANDARD = "gnu++14";
				CLANG_CXX_LIBRARY = "libc++";
				CLANG_ENABLE_MODULES = YES;
				CLANG_ENABLE_OBJC_ARC = YES;
				CLANG_ENABLE_OBJC_WEAK = YES;
				CLANG_WARN_BLOCK_CAPTURE_AUTORELEASING = YES;
				CLANG_WARN_BOOL_CONVERSION = YES;
				CLANG_WARN_COMMA = YES;
				CLANG_WARN_CONSTANT_CONVERSION = YES;
				CLANG_WARN_DEPRECATED_OBJC_IMPLEMENTATIONS = YES;
				CLANG_WARN_DIRECT_OBJC_ISA_USAGE = YES_ERROR;
				CLANG_WARN_DOCUMENTATION_COMMENTS = YES;
				CLANG_WARN_EMPTY_BODY = YES;
				CLANG_WARN_ENUM_CONVERSION = YES;
				CLANG_WARN_INFINITE_RECURSION = YES;
				CLANG_WARN_INT_CONVERSION = YES;
				CLANG_WARN_NON_LITERAL_NULL_CONVERSION = YES;
				CLANG_WARN_OBJC_IMPLICIT_RETAIN_SELF = YES;
				CLANG_WARN_OBJC_LITERAL_CONVERSION = YES;
				CLANG_WARN_OBJC_ROOT_CLASS = YES_ERROR;
				CLANG_WARN_QUOTED_INCLUDE_IN_FRAMEWORK_HEADER = YES;
				CLANG_WARN_RANGE_LOOP_ANALYSIS = YES;
				CLANG_WARN_STRICT_PROTOTYPES = YES;
				CLANG_WARN_SUSPICIOUS_MOVE = YES;
				CLANG_WARN_UNGUARDED_AVAILABILITY = YES_AGGRESSIVE;
				CLANG_WARN_UNREACHABLE_CODE = YES;
				CLANG_WARN__DUPLICATE_METHOD_MATCH = YES;
				COPY_PHASE_STRIP = NO;
				CURRENT_PROJECT_VERSION = 1;
				DEBUG_INFORMATION_FORMAT = dwarf;
				ENABLE_STRICT_OBJC_MSGSEND = YES;
				ENABLE_TESTABILITY = YES;
				GCC_C_LANGUAGE_STANDARD = gnu11;
				GCC_DYNAMIC_NO_PIC = NO;
				GCC_NO_COMMON_BLOCKS = YES;
				GCC_OPTIMIZATION_LEVEL = 0;
				GCC_PREPROCESSOR_DEFINITIONS = (
					"$(inherited)",
					"DEBUG=1",
				);
				GCC_WARN_64_TO_32_BIT_CONVERSION = YES;
				GCC_WARN_ABOUT_RETURN_TYPE = YES_ERROR;
				GCC_WARN_UNDECLARED_SELECTOR = YES;
				GCC_WARN_UNINITIALIZED_AUTOS = YES_AGGRESSIVE;
				GCC_WARN_UNUSED_FUNCTION = YES;
				GCC_WARN_UNUSED_VARIABLE = YES;
				IPHONEOS_DEPLOYMENT_TARGET = 16.0;
				MARKETING_VERSION = 1.0;
				MTL_ENABLE_DEBUG_INFO = INCLUDE_SOURCE;
				MTL_FAST_MATH = YES;
				ONLY_ACTIVE_ARCH = YES;
				PRODUCT_NAME = "$(TARGET_NAME)";
				SDKROOT = iphoneos;
				SWIFT_ACTIVE_COMPILATION_CONDITIONS = DEBUG;
				SWIFT_OPTIMIZATION_LEVEL = "-Onone";
				SWIFT_VERSION = 5.0;
				TARGETED_DEVICE_FAMILY = "1,2";
			};
			name = Debug;
		};
		D371DE7725D855AAAD47D8E8 /* Release */ = {
			isa = XCBuildConfiguration;
			buildSettings = {
				ASSETCATALOG_COMPILER_APPICON_NAME = AppIcon;
				CODE_SIGN_IDENTITY = "iPhone Developer";
				CODE_SIGN_STYLE = Automatic;
				DEVELOPMENT_TEAM = "";
				GENERATE_INFOPLIST_FILE = YES;
				INFOPLIST_KEY_UIApplicationSceneManifest_Generation = YES;
				INFOPLIST_KEY_UIApplicationSupportsIndirectInputEvents = YES;
				INFOPLIST_KEY_UILaunchScreen_Generation = YES;
				INFOPLIST_KEY_UISupportedInterfaceOrientations_iPad = "UIInterfaceOrientationPortrait UIInterfaceOrientationPortraitUpsideDown UIInterfaceOrientationLandscapeLeft UIInterfaceOrientationLandscapeRight";
				INFOPLIST_KEY_UISupportedInterfaceOrientations_iPhone = UIInterfaceOrientationPortrait;
				LD_RUNPATH_SEARCH_PATHS = (
					"$(inherited)",
					"@executable_path/Frameworks",
				);
				PRODUCT_BUNDLE_IDENTIFIER = com.yourname.cardSurvivor;
				SDKROOT = iphoneos;
				TARGETED_DEVICE_FAMILY = "1,2";
			};
			name = Release;
		};
		DA9EABD35683E29B132D19C8 /* Release */ = {
			isa = XCBuildConfiguration;
			buildSettings = {
				ALWAYS_SEARCH_USER_PATHS = NO;
				CLANG_ANALYZER_NONNULL = YES;
				CLANG_ANALYZER_NUMBER_OBJECT_CONVERSION = YES_AGGRESSIVE;
				CLANG_CXX_LANGUAGE_STANDARD = "gnu++14";
				CLANG_CXX_LIBRARY = "libc++";
				CLANG_ENABLE_MODULES = YES;
				CLANG_ENABLE_OBJC_ARC = YES;
				CLANG_ENABLE_OBJC_WEAK = YES;
				CLANG_WARN_BLOCK_CAPTURE_AUTORELEASING = YES;
				CLANG_WARN_BOOL_CONVERSION = YES;
				CLANG_WARN_COMMA = YES;
				CLANG_WARN_CONSTANT_CONVERSION = YES;
				CLANG_WARN_DEPRECATED_OBJC_IMPLEMENTATIONS = YES;
				CLANG_WARN_DIRECT_OBJC_ISA_USAGE = YES_ERROR;
				CLANG_WARN_DOCUMENTATION_COMMENTS = YES;
				CLANG_WARN_EMPTY_BODY = YES;
				CLANG_WARN_ENUM_CONVERSION = YES;
				CLANG_WARN_INFINITE_RECURSION = YES;
				CLANG_WARN_INT_CONVERSION = YES;
				CLANG_WARN_NON_LITERAL_NULL_CONVERSION = YES;
				CLANG_WARN_OBJC_IMPLICIT_RETAIN_SELF = YES;
				CLANG_WARN_OBJC_LITERAL_CONVERSION = YES;
				CLANG_WARN_OBJC_ROOT_CLASS = YES_ERROR;
				CLANG_WARN_QUOTED_INCLUDE_IN_FRAMEWORK_HEADER = YES;
				CLANG_WARN_RANGE_LOOP_ANALYSIS = YES;
				CLANG_WARN_STRICT_PROTOTYPES = YES;
				CLANG_WARN_SUSPICIOUS_MOVE = YES;
				CLANG_WARN_UNGUARDED_AVAILABILITY = YES_AGGRESSIVE;
				CLANG_WARN_UNREACHABLE_CODE = YES;
				CLANG_WARN__DUPLICATE_METHOD_MATCH = YES;
				COPY_PHASE_STRIP = NO;
				CURRENT_PROJECT_VERSION = 1;
				DEBUG_INFORMATION_FORMAT = "dwarf-with-dsym";
				ENABLE_NS_ASSERTIONS = NO;
				ENABLE_STRICT_OBJC_MSGSEND = YES;
				GCC_C_LANGUAGE_STANDARD = gnu11;
				GCC_NO_COMMON_BLOCKS = YES;
				GCC_WARN_64_TO_32_BIT_CONVERSION = YES;
				GCC_WARN_ABOUT_RETURN_TYPE = YES_ERROR;
				GCC_WARN_UNDECLARED_SELECTOR = YES;
				GCC_WARN_UNINITIALIZED_AUTOS = YES_AGGRESSIVE;
				GCC_WARN_UNUSED_FUNCTION = YES;
				GCC_WARN_UNUSED_VARIABLE = YES;
				IPHONEOS_DEPLOYMENT_TARGET = 16.0;
				MARKETING_VERSION = 1.0;
				MTL_ENABLE_DEBUG_INFO = NO;
				MTL_FAST_MATH = YES;
				PRODUCT_NAME = "$(TARGET_NAME)";
				SDKROOT = iphoneos;
				SWIFT_COMPILATION_MODE = wholemodule;
				SWIFT_OPTIMIZATION_LEVEL = "-O";
				SWIFT_VERSION = 5.0;
				TARGETED_DEVICE_FAMILY = "1,2";
			};
			name = Release;
		};
		FF9F48E37B0C3E009A5DD1CE /* Debug */ = {
			isa = XCBuildConfiguration;
			buildSettings = {
				ASSETCATALOG_COMPILER_APPICON_NAME = AppIcon;
				CODE_SIGN_IDENTITY = "iPhone Developer";
				CODE_SIGN_STYLE = Automatic;
				DEVELOPMENT_TEAM = "";
				GENERATE_INFOPLIST_FILE = YES;
				INFOPLIST_KEY_UIApplicationSceneManifest_Generation = YES;
				INFOPLIST_KEY_UIApplicationSupportsIndirectInputEvents = YES;
				INFOPLIST_KEY_UILaunchScreen_Generation = YES;
				INFOPLIST_KEY_UISupportedInterfaceOrientations_iPad = "UIInterfaceOrientationPortrait UIInterfaceOrientationPortraitUpsideDown UIInterfaceOrientationLandscapeLeft UIInterfaceOrientationLandscapeRight";
				INFOPLIST_KEY_UISupportedInterfaceOrientations_iPhone = UIInterfaceOrientationPortrait;
				LD_RUNPATH_SEARCH_PATHS = (
					"$(inherited)",
					"@executable_path/Frameworks",
				);
				PRODUCT_BUNDLE_IDENTIFIER = com.yourname.cardSurvivor;
				SDKROOT = iphoneos;
				TARGETED_DEVICE_FAMILY = "1,2";
			};
			name = Debug;
		};
/* End XCBuildConfiguration section */

/* Begin XCConfigurationList section */
		A25F6EA694827CCE5F64348F /* Build configuration list for PBXNativeTarget "CardSurvivor" */ = {
			isa = XCConfigurationList;
			buildConfigurations = (
				FF9F48E37B0C3E009A5DD1CE /* Debug */,
				D371DE7725D855AAAD47D8E8 /* Release */,
			);
			defaultConfigurationIsVisible = 0;
			defaultConfigurationName = Debug;
		};
		BACCC0358CD013E788301007 /* Build configuration list for PBXProject "CardSurvivor" */ = {
			isa = XCConfigurationList;
			buildConfigurations = (
				56FEAD4988C536BC1FC9D7A1 /* Debug */,
				DA9EABD35683E29B132D19C8 /* Release */,
			);
			defaultConfigurationIsVisible = 0;
			defaultConfigurationName = Debug;
		};
/* End XCConfigurationList section */
	};
	rootObject = 18B31B92B099901279596A1F /* Project object */;
}
